<?xml version="1.0" encoding="utf-8"?>
<Project ToolsVersion="4.0" xmlns="http://schemas.microsoft.com/developer/msbuild/2003">
  <ItemGroup>
    <Filter Include="UIObject">
      <UniqueIdentifier>{729b59af-84dd-4c2d-90cc-2e0fab96224a}</UniqueIdentifier>
    </Filter>
    <Filter Include="stdafx">
      <UniqueIdentifier>{7805275c-4c8d-40f9-9992-a293cb61bd31}</UniqueIdentifier>
    </Filter>
    <Filter Include="UIObject\2D">
      <UniqueIdentifier>{38a782f8-01d7-49ec-95d0-4b451695222e}</UniqueIdentifier>
    </Filter>
    <Filter Include="UIObject\3D">
      <UniqueIdentifier>{dfaaebc8-fe60-47e0-958b-ab9e7fb6a2d6}</UniqueIdentifier>
    </Filter>
    <Filter Include="UIManager">
      <UniqueIdentifier>{8c190f58-1bca-4fa2-9414-e923321f57c5}</UniqueIdentifier>
    </Filter>
    <Filter Include="UIObject\Shape">
      <UniqueIdentifier>{56fe0beb-ed30-4e7b-94da-8a292983bf6b}</UniqueIdentifier>
    </Filter>
    <Filter Include="UIObject\Shape\2D Shape">
      <UniqueIdentifier>{9b577eab-e4ab-430f-b8f4-ba1c50b378a5}</UniqueIdentifier>
    </Filter>
    <Filter Include="UIObject\Shape\3D Shape">
      <UniqueIdentifier>{be466854-6be9-444a-87f0-7ed4def8f9c1}</UniqueIdentifier>
    </Filter>
  </ItemGroup>
  <ItemGroup>
    <ClInclude Include="UIObject.h">
      <Filter>UIObject</Filter>
    </ClInclude>
    <ClInclude Include="stdafx.h">
      <Filter>stdafx</Filter>
    </ClInclude>
    <ClInclude Include="UI2DObject.h">
      <Filter>UIObject\2D</Filter>
    </ClInclude>
    <ClInclude Include="UI3DObject.h">
      <Filter>UIObject\3D</Filter>
    </ClInclude>
    <ClInclude Include="UIManager.h">
      <Filter>UIManager</Filter>
    </ClInclude>
    <ClInclude Include="UIShape.h">
      <Filter>UIObject\Shape</Filter>
    </ClInclude>
    <ClInclude Include="UI2DShape.h">
      <Filter>UIObject\Shape\2D Shape</Filter>
    </ClInclude>
    <ClInclude Include="UI2DNullShape.h">
      <Filter>UIObject\Shape\2D Shape</Filter>
    </ClInclude>
    <ClInclude Include="UIRectangleShape.h">
      <Filter>UIObject\Shape\2D Shape</Filter>
    </ClInclude>
  </ItemGroup>
  <ItemGroup>
    <ClCompile Include="UIObject.cpp">
      <Filter>UIObject</Filter>
    </ClCompile>
    <ClCompile Include="stdafx.cpp">
      <Filter>stdafx</Filter>
    </ClCompile>
    <ClCompile Include="UI2DObject.cpp">
      <Filter>UIObject\2D</Filter>
    </ClCompile>
    <ClCompile Include="UI3DObject.cpp">
      <Filter>UIObject\3D</Filter>
    </ClCompile>
    <ClCompile Include="UIManager.cpp">
      <Filter>UIManager</Filter>
    </ClCompile>
    <ClCompile Include="UI2DShape.cpp">
      <Filter>UIObject\Shape\2D Shape</Filter>
    </ClCompile>
    <ClCompile Include="UI2DNullShape.cpp">
      <Filter>UIObject\Shape\2D Shape</Filter>
    </ClCompile>
    <ClCompile Include="UIRectangleShape.cpp">
      <Filter>UIObject\Shape\2D Shape</Filter>
    </ClCompile>
  </ItemGroup>
</Project>